{
  "version": 4,
  "terraform_version": "1.2.3",
  "serial": 1081,
  "lineage": "3d9e1255-72a8-64c5-8776-10b964477b75",
  "outputs": {
    "VCAPI_endpoint": {
      "value": "wss://wy6rfz1526.execute-api.eu-west-2.amazonaws.com/production",
      "type": "string"
    },
    "VC_CF_Domain_name": {
      "value": "https://d36sia98mxhzpz.cloudfront.net",
      "type": "string"
    },
    "VC_Cognito_hostedui_queryParams": {
      "value": {
        "response_type_param": "response_type=code",
        "scope_param": "scope=email+openid"
      },
      "type": [
        "object",
        {
          "response_type_param": "string",
          "scope_param": "string"
        }
      ],
      "sensitive": true
    },
    "VC_Cognito_userpool_client_id": {
      "value": "5j8fkafad1a592niglm5p8njt8",
      "type": "string",
      "sensitive": true
    },
    "VC_Cognito_userpool_client_secret": {
      "value": "u5v3af8s17keudrqu65bhferi28hvl3pqkqalmt75hqjps1vv39",
      "type": "string",
      "sensitive": true
    },
    "VC_Cognito_userpool_domain_full": {
      "value": "https://vinnychat.auth.eu-west-2.amazoncognito.com",
      "type": "string",
      "sensitive": true
    },
    "VC_Cognito_userpool_domain_raw": {
      "value": "vinnychat",
      "type": "string"
    }
  },
  "resources": [
    {
      "mode": "data",
      "type": "archive_file",
      "name": "VC-DAL-layer-archive",
      "provider": "provider[\"registry.terraform.io/hashicorp/archive\"]",
      "instances": [
        {
          "schema_version": 0,
          "attributes": {
            "excludes": [
              "VC-DAL-layer.zip",
              "VC-DAL.js",
              "VC-DAL.mjs",
              "VC-DAL.zip",
              "node_modules",
              "outputs.json",
              "package-lock.json",
              "package.json",
              "prepare-layer.bat"
            ],
            "id": "98d5cc6f7bc608ad4654c3d07ecfdeda027f0b4a",
            "output_base64sha256": "//5J0hQL9zMeR7WqSzR4ZC/MUGKVvZQuraevcrDOj18=",
            "output_file_mode": "0666",
            "output_md5": "438d72cc999ce11052c33774776522ef",
            "output_path": "./VC-DAL/VC-DAL-layer.zip",
            "output_sha": "98d5cc6f7bc608ad4654c3d07ecfdeda027f0b4a",
            "output_size": 3498222,
            "source": [],
            "source_content": null,
            "source_content_filename": null,
            "source_dir": "./VC-DAL",
            "source_file": null,
            "type": "zip"
          },
          "sensitive_attributes": []
        }
      ]
    },
    {
      "mode": "data",
      "type": "archive_file",
      "name": "VC-DALArchive",
      "provider": "provider[\"registry.terraform.io/hashicorp/archive\"]",
      "instances": [
        {
          "schema_version": 0,
          "attributes": {
            "excludes": [
              "VC-DAL-layer.zip",
              "VC-DAL.zip",
              "node_modules",
              "nodejs",
              "prepare-layer.bat"
            ],
            "id": "6c5ebb6def416ee1ed195c4c97de0149e0c55e6d",
            "output_base64sha256": "CGo8JmWdHQlkVVBdYOcOYSD247a/XV6tPlLCMffo28s=",
            "output_file_mode": "0666",
            "output_md5": "63dfc6c52937194ccc5c8fe40ad4c4ec",
            "output_path": "./VC-DAL/VC-DAL.zip",
            "output_sha": "6c5ebb6def416ee1ed195c4c97de0149e0c55e6d",
            "output_size": 8485,
            "source": [],
            "source_content": null,
            "source_content_filename": null,
            "source_dir": "./VC-DAL",
            "source_file": null,
            "type": "zip"
          },
          "sensitive_attributes": []
        }
      ]
    },
    {
      "mode": "data",
      "type": "archive_file",
      "name": "VC-layer-archive",
      "provider": "provider[\"registry.terraform.io/hashicorp/archive\"]",
      "instances": [
        {
          "schema_version": 0,
          "attributes": {
            "excludes": [
              "VC-layer.zip",
              "VC.js",
              "VC.zip",
              "node_modules",
              "outputs.json",
              "package-lock.json",
              "package.json",
              "prepare-layer.bat"
            ],
            "id": "fa7a09f5115dd35b43014cc88f18b48750ba57b4",
            "output_base64sha256": "YW0GGta5CYgg+s/9UEBey5N8aBu/AH1Y8ApHnpDN6ms=",
            "output_file_mode": "0666",
            "output_md5": "6f989bee3aa26692b5328b66d328f4fd",
            "output_path": "./VC/VC-layer.zip",
            "output_sha": "fa7a09f5115dd35b43014cc88f18b48750ba57b4",
            "output_size": 13686389,
            "source": [],
            "source_content": null,
            "source_content_filename": null,
            "source_dir": "./VC",
            "source_file": null,
            "type": "zip"
          },
          "sensitive_attributes": []
        }
      ]
    },
    {
      "mode": "data",
      "type": "archive_file",
      "name": "VCArchive",
      "provider": "provider[\"registry.terraform.io/hashicorp/archive\"]",
      "instances": [
        {
          "schema_version": 0,
          "attributes": {
            "excludes": [
              "VC-layer.zip",
              "VC.zip",
              "node_modules",
              "nodejs",
              "prepare-layer.bat"
            ],
            "id": "65f671cf7dc3b276e3d8a19759ba7be54af7ce57",
            "output_base64sha256": "rifB2rS/I4kKfjzBzkFYJjXt0UigrjyF1tPGEIcgPCQ=",
            "output_file_mode": "0666",
            "output_md5": "ee3c583799102216cbee32cfc1770ebf",
            "output_path": "./VC/VC.zip",
            "output_sha": "65f671cf7dc3b276e3d8a19759ba7be54af7ce57",
            "output_size": 16719,
            "source": [],
            "source_content": null,
            "source_content_filename": null,
            "source_dir": "./VC",
            "source_file": null,
            "type": "zip"
          },
          "sensitive_attributes": []
        }
      ]
    },
    {
      "mode": "data",
      "type": "aws_iam_policy_document",
      "name": "VCPolicyDoc",
      "provider": "provider[\"registry.terraform.io/hashicorp/aws\"]",
      "instances": [
        {
          "schema_version": 0,
          "attributes": {
            "id": "1922537572",
            "json": "{\n  \"Version\": \"2012-10-17\",\n  \"Statement\": [\n    {\n      \"Sid\": \"vc-staticwebsitepermissions\",\n      \"Effect\": \"Allow\",\n      \"Action\": \"s3:GetObject\",\n      \"Resource\": \"arn:aws:s3:::www.vc/*\",\n      \"Principal\": {\n        \"AWS\": \"*\"\n      }\n    }\n  ]\n}",
            "override_json": null,
            "override_policy_documents": null,
            "policy_id": null,
            "source_json": null,
            "source_policy_documents": null,
            "statement": [
              {
                "actions": [
                  "s3:GetObject"
                ],
                "condition": [],
                "effect": "Allow",
                "not_actions": [],
                "not_principals": [],
                "not_resources": [],
                "principals": [
                  {
                    "identifiers": [
                      "*"
                    ],
                    "type": "AWS"
                  }
                ],
                "resources": [
                  "arn:aws:s3:::www.vc/*"
                ],
                "sid": "vc-staticwebsitepermissions"
              }
            ],
            "version": "2012-10-17"
          },
          "sensitive_attributes": []
        }
      ]
    },
    {
      "mode": "data",
      "type": "aws_iam_policy_document",
      "name": "lambda-iam-policy-doc",
      "provider": "provider[\"registry.terraform.io/hashicorp/aws\"]",
      "instances": [
        {
          "schema_version": 0,
          "attributes": {
            "id": "1666978948",
            "json": "{\n  \"Version\": \"2012-10-17\",\n  \"Statement\": [\n    {\n      \"Sid\": \"CreateCloudWatchLogs\",\n      \"Effect\": \"Allow\",\n      \"Action\": [\n        \"logs:PutLogEvents\",\n        \"logs:CreateLogStream\",\n        \"logs:CreateLogGroup\",\n        \"lambda:InvokeFunction\",\n        \"execute-api:ManageConnections\"\n      ],\n      \"Resource\": \"*\"\n    }\n  ]\n}",
            "override_json": null,
            "override_policy_documents": null,
            "policy_id": null,
            "source_json": null,
            "source_policy_documents": null,
            "statement": [
              {
                "actions": [
                  "execute-api:ManageConnections",
                  "lambda:InvokeFunction",
                  "logs:CreateLogGroup",
                  "logs:CreateLogStream",
                  "logs:PutLogEvents"
                ],
                "condition": [],
                "effect": "Allow",
                "not_actions": [],
                "not_principals": [],
                "not_resources": [],
                "principals": [],
                "resources": [
                  "*"
                ],
                "sid": "CreateCloudWatchLogs"
              }
            ],
            "version": "2012-10-17"
          },
          "sensitive_attributes": []
        }
      ]
    },
    {
      "mode": "managed",
      "type": "aws_apigatewayv2_api",
      "name": "VCAPI",
      "provider": "provider[\"registry.terraform.io/hashicorp/aws\"]",
      "instances": [
        {
          "schema_version": 0,
          "attributes": {
            "api_endpoint": "wss://wy6rfz1526.execute-api.eu-west-2.amazonaws.com",
            "api_key_selection_expression": "$request.header.x-api-key",
            "arn": "arn:aws:apigateway:eu-west-2::/apis/wy6rfz1526",
            "body": null,
            "cors_configuration": [],
            "credentials_arn": null,
            "description": "",
            "disable_execute_api_endpoint": false,
            "execution_arn": "arn:aws:execute-api:eu-west-2:822478101782:wy6rfz1526",
            "fail_on_warnings": null,
            "id": "wy6rfz1526",
            "name": "VCAPI",
            "protocol_type": "WEBSOCKET",
            "route_key": null,
            "route_selection_expression": "$request.body.action",
            "tags": {},
            "tags_all": {},
            "target": null,
            "version": ""
          },
          "sensitive_attributes": [],
          "private": "bnVsbA=="
        }
      ]
    },
    {
      "mode": "managed",
      "type": "aws_apigatewayv2_integration",
      "name": "VC-DAL-Integration",
      "provider": "provider[\"registry.terraform.io/hashicorp/aws\"]",
      "instances": [
        {
          "schema_version": 0,
          "attributes": {
            "api_id": "wy6rfz1526",
            "connection_id": "",
            "connection_type": "INTERNET",
            "content_handling_strategy": "",
            "credentials_arn": "",
            "description": "",
            "id": "mfh3soe",
            "integration_method": "POST",
            "integration_response_selection_expression": "",
            "integration_subtype": "",
            "integration_type": "AWS_PROXY",
            "integration_uri": "arn:aws:apigateway:eu-west-2:lambda:path/2015-03-31/functions/arn:aws:lambda:eu-west-2:822478101782:function:VC-DAL/invocations",
            "passthrough_behavior": "WHEN_NO_MATCH",
            "payload_format_version": "1.0",
            "request_parameters": {},
            "request_templates": {},
            "response_parameters": [],
            "template_selection_expression": "",
            "timeout_milliseconds": 29000,
            "tls_config": []
          },
          "sensitive_attributes": [],
          "private": "bnVsbA==",
          "dependencies": [
            "aws_apigatewayv2_api.VCAPI",
            "aws_iam_role.lambda-role",
            "aws_lambda_function.VC-DAL",
            "aws_lambda_layer_version.VC-DAL-node-modules",
            "aws_lambda_layer_version.VC-layer",
            "data.archive_file.VC-DAL-layer-archive",
            "data.archive_file.VC-DALArchive",
            "data.archive_file.VC-layer-archive"
          ]
        }
      ]
    },
    {
      "mode": "managed",
      "type": "aws_apigatewayv2_integration",
      "name": "VC-Integration",
      "provider": "provider[\"registry.terraform.io/hashicorp/aws\"]",
      "instances": [
        {
          "schema_version": 0,
          "attributes": {
            "api_id": "wy6rfz1526",
            "connection_id": "",
            "connection_type": "INTERNET",
            "content_handling_strategy": "",
            "credentials_arn": "",
            "description": "",
            "id": "aqag2p7",
            "integration_method": "POST",
            "integration_response_selection_expression": "",
            "integration_subtype": "",
            "integration_type": "AWS_PROXY",
            "integration_uri": "arn:aws:apigateway:eu-west-2:lambda:path/2015-03-31/functions/arn:aws:lambda:eu-west-2:822478101782:function:VC/invocations",
            "passthrough_behavior": "WHEN_NO_MATCH",
            "payload_format_version": "1.0",
            "request_parameters": {},
            "request_templates": {},
            "response_parameters": [],
            "template_selection_expression": "",
            "timeout_milliseconds": 29000,
            "tls_config": []
          },
          "sensitive_attributes": [],
          "private": "bnVsbA==",
          "dependencies": [
            "aws_apigatewayv2_api.VCAPI",
            "aws_iam_role.lambda-role",
            "aws_lambda_function.VC",
            "aws_lambda_layer_version.VC-layer",
            "data.archive_file.VC-layer-archive",
            "data.archive_file.VCArchive"
          ]
        }
      ]
    },
    {
      "mode": "managed",
      "type": "aws_apigatewayv2_route",
      "name": "authenticateUser-route",
      "provider": "provider[\"registry.terraform.io/hashicorp/aws\"]",
      "instances": [
        {
          "schema_version": 0,
          "attributes": {
            "api_id": "wy6rfz1526",
            "api_key_required": false,
            "authorization_scopes": [],
            "authorization_type": "NONE",
            "authorizer_id": "",
            "id": "5l3lzzb",
            "model_selection_expression": "",
            "operation_name": "",
            "request_models": {},
            "request_parameter": [],
            "route_key": "authenticateUser",
            "route_response_selection_expression": "",
            "target": "integrations/mfh3soe"
          },
          "sensitive_attributes": [],
          "private": "bnVsbA==",
          "dependencies": [
            "aws_apigatewayv2_api.VCAPI",
            "aws_apigatewayv2_integration.VC-DAL-Integration",
            "aws_iam_role.lambda-role",
            "aws_lambda_function.VC-DAL",
            "aws_lambda_layer_version.VC-DAL-node-modules",
            "aws_lambda_layer_version.VC-layer",
            "data.archive_file.VC-DAL-layer-archive",
            "data.archive_file.VC-DALArchive",
            "data.archive_file.VC-layer-archive"
          ]
        }
      ]
    },
    {
      "mode": "managed",
      "type": "aws_apigatewayv2_route",
      "name": "connect-route",
      "provider": "provider[\"registry.terraform.io/hashicorp/aws\"]",
      "instances": [
        {
          "schema_version": 0,
          "attributes": {
            "api_id": "wy6rfz1526",
            "api_key_required": false,
            "authorization_scopes": [],
            "authorization_type": "NONE",
            "authorizer_id": "",
            "id": "icmqnz9",
            "model_selection_expression": "",
            "operation_name": "",
            "request_models": {},
            "request_parameter": [],
            "route_key": "$connect",
            "route_response_selection_expression": "",
            "target": "integrations/aqag2p7"
          },
          "sensitive_attributes": [],
          "private": "bnVsbA==",
          "dependencies": [
            "aws_apigatewayv2_api.VCAPI",
            "aws_apigatewayv2_integration.VC-Integration",
            "aws_iam_role.lambda-role",
            "aws_lambda_function.VC",
            "aws_lambda_layer_version.VC-layer",
            "data.archive_file.VC-layer-archive",
            "data.archive_file.VCArchive"
          ]
        }
      ]
    },
    {
      "mode": "managed",
      "type": "aws_apigatewayv2_route",
      "name": "disconnect-route",
      "provider": "provider[\"registry.terraform.io/hashicorp/aws\"]",
      "instances": [
        {
          "schema_version": 0,
          "attributes": {
            "api_id": "wy6rfz1526",
            "api_key_required": false,
            "authorization_scopes": [],
            "authorization_type": "NONE",
            "authorizer_id": "",
            "id": "chx8qss",
            "model_selection_expression": "",
            "operation_name": "",
            "request_models": {},
            "request_parameter": [],
            "route_key": "$disconnect",
            "route_response_selection_expression": "",
            "target": "integrations/aqag2p7"
          },
          "sensitive_attributes": [],
          "private": "bnVsbA==",
          "dependencies": [
            "aws_apigatewayv2_api.VCAPI",
            "aws_apigatewayv2_integration.VC-Integration",
            "aws_iam_role.lambda-role",
            "aws_lambda_function.VC",
            "aws_lambda_layer_version.VC-layer",
            "data.archive_file.VC-layer-archive",
            "data.archive_file.VCArchive"
          ]
        }
      ]
    },
    {
      "mode": "managed",
      "type": "aws_apigatewayv2_route",
      "name": "getConnectedUsers-route",
      "provider": "provider[\"registry.terraform.io/hashicorp/aws\"]",
      "instances": [
        {
          "schema_version": 0,
          "attributes": {
            "api_id": "wy6rfz1526",
            "api_key_required": false,
            "authorization_scopes": [],
            "authorization_type": "NONE",
            "authorizer_id": "",
            "id": "6hv75hf",
            "model_selection_expression": "",
            "operation_name": "",
            "request_models": {},
            "request_parameter": [],
            "route_key": "getConnectedUsers",
            "route_response_selection_expression": "",
            "target": "integrations/aqag2p7"
          },
          "sensitive_attributes": [],
          "private": "bnVsbA==",
          "dependencies": [
            "aws_apigatewayv2_api.VCAPI",
            "aws_apigatewayv2_integration.VC-Integration",
            "aws_iam_role.lambda-role",
            "aws_lambda_function.VC",
            "aws_lambda_layer_version.VC-layer",
            "data.archive_file.VC-layer-archive",
            "data.archive_file.VCArchive"
          ]
        }
      ]
    },
    {
      "mode": "managed",
      "type": "aws_apigatewayv2_route",
      "name": "getOwnId-route",
      "provider": "provider[\"registry.terraform.io/hashicorp/aws\"]",
      "instances": [
        {
          "schema_version": 0,
          "attributes": {
            "api_id": "wy6rfz1526",
            "api_key_required": false,
            "authorization_scopes": [],
            "authorization_type": "NONE",
            "authorizer_id": "",
            "id": "fkd0oge",
            "model_selection_expression": "",
            "operation_name": "",
            "request_models": {},
            "request_parameter": [],
            "route_key": "getOwnId",
            "route_response_selection_expression": "",
            "target": "integrations/aqag2p7"
          },
          "sensitive_attributes": [],
          "private": "bnVsbA==",
          "dependencies": [
            "aws_apigatewayv2_api.VCAPI",
            "aws_apigatewayv2_integration.VC-Integration",
            "aws_iam_role.lambda-role",
            "aws_lambda_function.VC",
            "aws_lambda_layer_version.VC-layer",
            "data.archive_file.VC-layer-archive",
            "data.archive_file.VCArchive"
          ]
        }
      ]
    },
    {
      "mode": "managed",
      "type": "aws_apigatewayv2_route",
      "name": "getStoredMessages-route",
      "provider": "provider[\"registry.terraform.io/hashicorp/aws\"]",
      "instances": [
        {
          "schema_version": 0,
          "attributes": {
            "api_id": "wy6rfz1526",
            "api_key_required": false,
            "authorization_scopes": [],
            "authorization_type": "NONE",
            "authorizer_id": "",
            "id": "tnb2bem",
            "model_selection_expression": "",
            "operation_name": "",
            "request_models": {},
            "request_parameter": [],
            "route_key": "getStoredMessages",
            "route_response_selection_expression": "",
            "target": "integrations/mfh3soe"
          },
          "sensitive_attributes": [],
          "private": "bnVsbA==",
          "dependencies": [
            "aws_apigatewayv2_api.VCAPI",
            "aws_apigatewayv2_integration.VC-DAL-Integration",
            "aws_iam_role.lambda-role",
            "aws_lambda_function.VC-DAL",
            "aws_lambda_layer_version.VC-DAL-node-modules",
            "aws_lambda_layer_version.VC-layer",
            "data.archive_file.VC-DAL-layer-archive",
            "data.archive_file.VC-DALArchive",
            "data.archive_file.VC-layer-archive"
          ]
        }
      ]
    },
    {
      "mode": "managed",
      "type": "aws_apigatewayv2_route",
      "name": "postNew-route",
      "provider": "provider[\"registry.terraform.io/hashicorp/aws\"]",
      "instances": [
        {
          "schema_version": 0,
          "attributes": {
            "api_id": "wy6rfz1526",
            "api_key_required": false,
            "authorization_scopes": [],
            "authorization_type": "NONE",
            "authorizer_id": "",
            "id": "z15rgxh",
            "model_selection_expression": "",
            "operation_name": "",
            "request_models": {},
            "request_parameter": [],
            "route_key": "postNew",
            "route_response_selection_expression": "",
            "target": "integrations/aqag2p7"
          },
          "sensitive_attributes": [],
          "private": "bnVsbA==",
          "dependencies": [
            "aws_apigatewayv2_api.VCAPI",
            "aws_apigatewayv2_integration.VC-Integration",
            "aws_iam_role.lambda-role",
            "aws_lambda_function.VC",
            "aws_lambda_layer_version.VC-layer",
            "data.archive_file.VC-layer-archive",
            "data.archive_file.VCArchive"
          ]
        }
      ]
    },
    {
      "mode": "managed",
      "type": "aws_apigatewayv2_route",
      "name": "postNewQuote-route",
      "provider": "provider[\"registry.terraform.io/hashicorp/aws\"]",
      "instances": [
        {
          "schema_version": 0,
          "attributes": {
            "api_id": "wy6rfz1526",
            "api_key_required": false,
            "authorization_scopes": [],
            "authorization_type": "NONE",
            "authorizer_id": "",
            "id": "j1idepa",
            "model_selection_expression": "",
            "operation_name": "",
            "request_models": {},
            "request_parameter": [],
            "route_key": "postNewQuote",
            "route_response_selection_expression": "",
            "target": "integrations/aqag2p7"
          },
          "sensitive_attributes": [],
          "private": "bnVsbA==",
          "dependencies": [
            "aws_apigatewayv2_api.VCAPI",
            "aws_apigatewayv2_integration.VC-Integration",
            "aws_iam_role.lambda-role",
            "aws_lambda_function.VC",
            "aws_lambda_layer_version.VC-layer",
            "data.archive_file.VC-layer-archive",
            "data.archive_file.VCArchive"
          ]
        }
      ]
    },
    {
      "mode": "managed",
      "type": "aws_apigatewayv2_route",
      "name": "verifyAuthCode-route",
      "provider": "provider[\"registry.terraform.io/hashicorp/aws\"]",
      "instances": [
        {
          "schema_version": 0,
          "attributes": {
            "api_id": "wy6rfz1526",
            "api_key_required": false,
            "authorization_scopes": [],
            "authorization_type": "NONE",
            "authorizer_id": "",
            "id": "q02a3rb",
            "model_selection_expression": "",
            "operation_name": "",
            "request_models": {},
            "request_parameter": [],
            "route_key": "verifyAuthCode",
            "route_response_selection_expression": "",
            "target": "integrations/mfh3soe"
          },
          "sensitive_attributes": [],
          "private": "bnVsbA==",
          "dependencies": [
            "aws_apigatewayv2_api.VCAPI",
            "aws_apigatewayv2_integration.VC-DAL-Integration",
            "aws_iam_role.lambda-role",
            "aws_lambda_function.VC-DAL",
            "aws_lambda_layer_version.VC-DAL-node-modules",
            "aws_lambda_layer_version.VC-layer",
            "data.archive_file.VC-DAL-layer-archive",
            "data.archive_file.VC-DALArchive",
            "data.archive_file.VC-layer-archive"
          ]
        }
      ]
    },
    {
      "mode": "managed",
      "type": "aws_apigatewayv2_stage",
      "name": "vc-stage",
      "provider": "provider[\"registry.terraform.io/hashicorp/aws\"]",
      "instances": [
        {
          "schema_version": 0,
          "attributes": {
            "access_log_settings": [],
            "api_id": "wy6rfz1526",
            "arn": "arn:aws:apigateway:eu-west-2::/apis/wy6rfz1526/stages/production",
            "auto_deploy": true,
            "client_certificate_id": "",
            "default_route_settings": [
              {
                "data_trace_enabled": false,
                "detailed_metrics_enabled": false,
                "logging_level": "OFF",
                "throttling_burst_limit": 0,
                "throttling_rate_limit": 0
              }
            ],
            "deployment_id": "ad6ki8",
            "description": "",
            "execution_arn": "arn:aws:execute-api:eu-west-2:822478101782:wy6rfz1526/production",
            "id": "production",
            "invoke_url": "wss://wy6rfz1526.execute-api.eu-west-2.amazonaws.com/production",
            "name": "production",
            "route_settings": [],
            "stage_variables": {},
            "tags": {},
            "tags_all": {}
          },
          "sensitive_attributes": [],
          "private": "bnVsbA==",
          "dependencies": [
            "aws_apigatewayv2_api.VCAPI"
          ]
        }
      ]
    },
    {
      "mode": "managed",
      "type": "aws_cloudfront_distribution",
      "name": "VC-distro",
      "provider": "provider[\"registry.terraform.io/hashicorp/aws\"]",
      "instances": [
        {
          "schema_version": 1,
          "attributes": {
            "aliases": [],
            "arn": "arn:aws:cloudfront::822478101782:distribution/EDAKH6BJPIBQ7",
            "caller_reference": "terraform-20220802133349217100000001",
            "comment": "VinnyChat CloudFront distro",
            "custom_error_response": [
              {
                "error_caching_min_ttl": 0,
                "error_code": 403,
                "response_code": 200,
                "response_page_path": "/index.html"
              },
              {
                "error_caching_min_ttl": 0,
                "error_code": 404,
                "response_code": 200,
                "response_page_path": "/index.html"
              }
            ],
            "default_cache_behavior": [
              {
                "allowed_methods": [
                  "GET",
                  "HEAD",
                  "OPTIONS"
                ],
                "cache_policy_id": "",
                "cached_methods": [
                  "GET",
                  "HEAD"
                ],
                "compress": false,
                "default_ttl": 3600,
                "field_level_encryption_id": "",
                "forwarded_values": [
                  {
                    "cookies": [
                      {
                        "forward": "none",
                        "whitelisted_names": []
                      }
                    ],
                    "headers": [],
                    "query_string": false,
                    "query_string_cache_keys": []
                  }
                ],
                "function_association": [],
                "lambda_function_association": [],
                "max_ttl": 86400,
                "min_ttl": 0,
                "origin_request_policy_id": "",
                "realtime_log_config_arn": "",
                "response_headers_policy_id": "",
                "smooth_streaming": false,
                "target_origin_id": "VCs3",
                "trusted_key_groups": [],
                "trusted_signers": [],
                "viewer_protocol_policy": "redirect-to-https"
              }
            ],
            "default_root_object": "index.html",
            "domain_name": "d36sia98mxhzpz.cloudfront.net",
            "enabled": true,
            "etag": "E7QQOPMLNZ16A",
            "hosted_zone_id": "Z2FDTNDATAQYW2",
            "http_version": "http2",
            "id": "EDAKH6BJPIBQ7",
            "in_progress_validation_batches": 0,
            "is_ipv6_enabled": true,
            "last_modified_time": "2022-08-02 13:33:55.064 +0000 UTC",
            "logging_config": [],
            "ordered_cache_behavior": [
              {
                "allowed_methods": [
                  "GET",
                  "HEAD",
                  "OPTIONS"
                ],
                "cache_policy_id": "",
                "cached_methods": [
                  "GET",
                  "HEAD",
                  "OPTIONS"
                ],
                "compress": true,
                "default_ttl": 86400,
                "field_level_encryption_id": "",
                "forwarded_values": [
                  {
                    "cookies": [
                      {
                        "forward": "none",
                        "whitelisted_names": []
                      }
                    ],
                    "headers": [],
                    "query_string": true,
                    "query_string_cache_keys": []
                  }
                ],
                "function_association": [],
                "lambda_function_association": [],
                "max_ttl": 31536000,
                "min_ttl": 0,
                "origin_request_policy_id": "",
                "path_pattern": "*",
                "realtime_log_config_arn": "",
                "response_headers_policy_id": "",
                "smooth_streaming": false,
                "target_origin_id": "VCs3",
                "trusted_key_groups": [],
                "trusted_signers": [],
                "viewer_protocol_policy": "redirect-to-https"
              }
            ],
            "origin": [
              {
                "connection_attempts": 3,
                "connection_timeout": 10,
                "custom_header": [],
                "custom_origin_config": [],
                "domain_name": "www.vc.s3.eu-west-2.amazonaws.com",
                "origin_id": "VCs3",
                "origin_path": "",
                "origin_shield": [],
                "s3_origin_config": [
                  {
                    "origin_access_identity": "origin-access-identity/cloudfront/E1HJEBWZWVKQWL"
                  }
                ]
              }
            ],
            "origin_group": [],
            "price_class": "PriceClass_100",
            "restrictions": [
              {
                "geo_restriction": [
                  {
                    "locations": [],
                    "restriction_type": "none"
                  }
                ]
              }
            ],
            "retain_on_delete": false,
            "status": "Deployed",
            "tags": {
              "Environment": "production"
            },
            "tags_all": {
              "Environment": "production"
            },
            "trusted_key_groups": [
              {
                "enabled": false,
                "items": []
              }
            ],
            "trusted_signers": [
              {
                "enabled": false,
                "items": []
              }
            ],
            "viewer_certificate": [
              {
                "acm_certificate_arn": "",
                "cloudfront_default_certificate": true,
                "iam_certificate_id": "",
                "minimum_protocol_version": "TLSv1",
                "ssl_support_method": ""
              }
            ],
            "wait_for_deployment": true,
            "web_acl_id": ""
          },
          "sensitive_attributes": [],
          "private": "eyJzY2hlbWFfdmVyc2lvbiI6IjEifQ==",
          "dependencies": [
            "aws_apigatewayv2_api.VCAPI",
            "aws_cloudfront_origin_access_identity.VC-CF-Origin-ID",
            "aws_s3_bucket.VCbucket"
          ]
        }
      ]
    },
    {
      "mode": "managed",
      "type": "aws_cloudfront_origin_access_identity",
      "name": "VC-CF-Origin-ID",
      "provider": "provider[\"registry.terraform.io/hashicorp/aws\"]",
      "instances": [
        {
          "schema_version": 0,
          "attributes": {
            "caller_reference": "terraform-20220729204038649300000001",
            "cloudfront_access_identity_path": "origin-access-identity/cloudfront/E1HJEBWZWVKQWL",
            "comment": "VinnyChat cloudfront origin access identity",
            "etag": "E1ZSIH8AJOMPGG",
            "iam_arn": "arn:aws:iam::cloudfront:user/CloudFront Origin Access Identity E1HJEBWZWVKQWL",
            "id": "E1HJEBWZWVKQWL",
            "s3_canonical_user_id": "d4dbb4d84c5f02fb8967ca896c82813eaa2ec493502a4085043128ab39c21dd05717f12e4d80c9db4b35c1149a5050b1"
          },
          "sensitive_attributes": [],
          "private": "bnVsbA=="
        }
      ]
    },
    {
      "mode": "managed",
      "type": "aws_cognito_user",
      "name": "VC-Elza-user",
      "provider": "provider[\"registry.terraform.io/hashicorp/aws\"]",
      "instances": [
        {
          "schema_version": 0,
          "attributes": {
            "attributes": {
              "isNotAHater": "true",
              "sub": "a6296af4-047f-451b-8aed-9cc4c9e6048b"
            },
            "client_metadata": null,
            "creation_date": "2022-08-08T14:10:57Z",
            "desired_delivery_mediums": null,
            "enabled": true,
            "force_alias_creation": null,
            "id": "eu-west-2_xflGxCMFC/MissKittin",
            "last_modified_date": "2022-08-08T14:10:58Z",
            "message_action": null,
            "mfa_setting_list": [],
            "password": "MissKittin1!",
            "preferred_mfa_setting": "",
            "status": "CONFIRMED",
            "sub": "a6296af4-047f-451b-8aed-9cc4c9e6048b",
            "temporary_password": null,
            "user_pool_id": "eu-west-2_xflGxCMFC",
            "username": "MissKittin",
            "validation_data": null
          },
          "sensitive_attributes": [],
          "private": "bnVsbA==",
          "dependencies": [
            "aws_cognito_user_pool.VC-userpool"
          ]
        }
      ]
    },
    {
      "mode": "managed",
      "type": "aws_cognito_user",
      "name": "VC-Vinny-user",
      "provider": "provider[\"registry.terraform.io/hashicorp/aws\"]",
      "instances": [
        {
          "schema_version": 0,
          "attributes": {
            "attributes": {
              "isNotAHater": "true",
              "sub": "c0153abd-3e80-4a84-a007-65c77a57155a"
            },
            "client_metadata": null,
            "creation_date": "2022-08-08T14:10:57Z",
            "desired_delivery_mediums": null,
            "enabled": true,
            "force_alias_creation": null,
            "id": "eu-west-2_xflGxCMFC/Vinny",
            "last_modified_date": "2022-08-08T14:10:57Z",
            "message_action": null,
            "mfa_setting_list": [],
            "password": "Vinnypw1!",
            "preferred_mfa_setting": "",
            "status": "CONFIRMED",
            "sub": "c0153abd-3e80-4a84-a007-65c77a57155a",
            "temporary_password": null,
            "user_pool_id": "eu-west-2_xflGxCMFC",
            "username": "Vinny",
            "validation_data": null
          },
          "sensitive_attributes": [],
          "private": "bnVsbA==",
          "dependencies": [
            "aws_cognito_user_pool.VC-userpool"
          ]
        }
      ]
    },
    {
      "mode": "managed",
      "type": "aws_cognito_user",
      "name": "VC-user1",
      "provider": "provider[\"registry.terraform.io/hashicorp/aws\"]",
      "instances": [
        {
          "schema_version": 0,
          "attributes": {
            "attributes": {
              "isNotAHater": "false",
              "sub": "3512b814-50b4-461f-8733-dd0ef32512f5"
            },
            "client_metadata": null,
            "creation_date": "2022-08-05T12:46:49Z",
            "desired_delivery_mediums": null,
            "enabled": true,
            "force_alias_creation": null,
            "id": "eu-west-2_xflGxCMFC/testUser",
            "last_modified_date": "2022-08-05T12:46:50Z",
            "message_action": null,
            "mfa_setting_list": [],
            "password": "testUser1!",
            "preferred_mfa_setting": "",
            "status": "CONFIRMED",
            "sub": "3512b814-50b4-461f-8733-dd0ef32512f5",
            "temporary_password": null,
            "user_pool_id": "eu-west-2_xflGxCMFC",
            "username": "testUser",
            "validation_data": null
          },
          "sensitive_attributes": [],
          "private": "bnVsbA==",
          "dependencies": [
            "aws_cognito_user_pool.VC-userpool"
          ]
        }
      ]
    },
    {
      "mode": "managed",
      "type": "aws_cognito_user_pool",
      "name": "VC-userpool",
      "provider": "provider[\"registry.terraform.io/hashicorp/aws\"]",
      "instances": [
        {
          "schema_version": 0,
          "attributes": {
            "account_recovery_setting": [
              {
                "recovery_mechanism": [
                  {
                    "name": "admin_only",
                    "priority": 1
                  }
                ]
              }
            ],
            "admin_create_user_config": [
              {
                "allow_admin_create_user_only": false,
                "invite_message_template": []
              }
            ],
            "alias_attributes": [
              "email",
              "phone_number",
              "preferred_username"
            ],
            "arn": "arn:aws:cognito-idp:eu-west-2:822478101782:userpool/eu-west-2_xflGxCMFC",
            "auto_verified_attributes": [
              "email"
            ],
            "creation_date": "2022-08-05T12:46:49Z",
            "custom_domain": "",
            "device_configuration": [],
            "domain": "vinnychat",
            "email_configuration": [
              {
                "configuration_set": "",
                "email_sending_account": "COGNITO_DEFAULT",
                "from_email_address": "",
                "reply_to_email_address": "vinno1990@gmail.com",
                "source_arn": ""
              }
            ],
            "email_verification_message": "Hello There! Your confirmation code is {####} Please type that into the login page to complete verification!",
            "email_verification_subject": "VinnyChat - Account Confirmation Code",
            "endpoint": "cognito-idp.eu-west-2.amazonaws.com/eu-west-2_xflGxCMFC",
            "estimated_number_of_users": 3,
            "id": "eu-west-2_xflGxCMFC",
            "lambda_config": [],
            "last_modified_date": "2022-08-05T12:46:49Z",
            "mfa_configuration": "OFF",
            "name": "vinny-chat-user-pool",
            "password_policy": [
              {
                "minimum_length": 8,
                "require_lowercase": true,
                "require_numbers": true,
                "require_symbols": true,
                "require_uppercase": true,
                "temporary_password_validity_days": 7
              }
            ],
            "schema": [
              {
                "attribute_data_type": "Boolean",
                "developer_only_attribute": false,
                "mutable": false,
                "name": "isNotAHater",
                "number_attribute_constraints": [],
                "required": false,
                "string_attribute_constraints": []
              }
            ],
            "sms_authentication_message": null,
            "sms_configuration": [],
            "sms_verification_message": null,
            "software_token_mfa_configuration": [],
            "tags": {},
            "tags_all": {},
            "user_pool_add_ons": [],
            "username_attributes": null,
            "username_configuration": [],
            "verification_message_template": [
              {
                "default_email_option": "CONFIRM_WITH_CODE",
                "email_message": "Hello There! Your confirmation code is {####} Please type that into the login page to complete verification!",
                "email_message_by_link": "",
                "email_subject": "VinnyChat - Account Confirmation Code",
                "email_subject_by_link": "",
                "sms_message": ""
              }
            ]
          },
          "sensitive_attributes": [],
          "private": "bnVsbA=="
        }
      ]
    },
    {
      "mode": "managed",
      "type": "aws_cognito_user_pool_client",
      "name": "VC-userpool-client",
      "provider": "provider[\"registry.terraform.io/hashicorp/aws\"]",
      "instances": [
        {
          "schema_version": 0,
          "attributes": {
            "access_token_validity": 0,
            "allowed_oauth_flows": [
              "code",
              "implicit"
            ],
            "allowed_oauth_flows_user_pool_client": true,
            "allowed_oauth_scopes": [
              "email",
              "openid"
            ],
            "analytics_configuration": [],
            "callback_urls": [
              "https://d36sia98mxhzpz.cloudfront.net"
            ],
            "client_secret": "u5v3af8s17keudrqu65bhferi28hvl3pqkqalmt75hqjps1vv39",
            "default_redirect_uri": "https://d36sia98mxhzpz.cloudfront.net",
            "enable_propagate_additional_user_context_data": false,
            "enable_token_revocation": true,
            "explicit_auth_flows": [],
            "generate_secret": true,
            "id": "5j8fkafad1a592niglm5p8njt8",
            "id_token_validity": 0,
            "logout_urls": [],
            "name": "VC-userpool-client",
            "prevent_user_existence_errors": "",
            "read_attributes": [],
            "refresh_token_validity": 30,
            "supported_identity_providers": [
              "COGNITO"
            ],
            "token_validity_units": [],
            "user_pool_id": "eu-west-2_xflGxCMFC",
            "write_attributes": []
          },
          "sensitive_attributes": [],
          "private": "bnVsbA==",
          "dependencies": [
            "aws_apigatewayv2_api.VCAPI",
            "aws_cloudfront_distribution.VC-distro",
            "aws_cloudfront_origin_access_identity.VC-CF-Origin-ID",
            "aws_cognito_user_pool.VC-userpool",
            "aws_s3_bucket.VCbucket"
          ]
        }
      ]
    },
    {
      "mode": "managed",
      "type": "aws_cognito_user_pool_domain",
      "name": "VC-userpool-domain",
      "provider": "provider[\"registry.terraform.io/hashicorp/aws\"]",
      "instances": [
        {
          "schema_version": 0,
          "attributes": {
            "aws_account_id": "822478101782",
            "certificate_arn": "",
            "cloudfront_distribution_arn": "d36xj9p3yhtjhl.cloudfront.net",
            "domain": "vinnychat",
            "id": "vinnychat",
            "s3_bucket": "aws-cognito-prod-lhr-assets",
            "user_pool_id": "eu-west-2_xflGxCMFC",
            "version": "20220805124650"
          },
          "sensitive_attributes": [],
          "private": "bnVsbA==",
          "dependencies": [
            "aws_cognito_user_pool.VC-userpool"
          ]
        }
      ]
    },
    {
      "mode": "managed",
      "type": "aws_cognito_user_pool_ui_customization",
      "name": "VC-userpool-UI",
      "provider": "provider[\"registry.terraform.io/hashicorp/aws\"]",
      "instances": [
        {
          "schema_version": 0,
          "attributes": {
            "client_id": "ALL",
            "creation_date": "0001-01-01T00:00:00Z",
            "css": "",
            "css_version": "",
            "id": "eu-west-2_xflGxCMFC,ALL",
            "image_file": "iVBORw0KGgoAAAANSUhEUgAAAEAAAABACAYAAACqaXHeAAAAAXNSR0IArs4c6QAAAARnQU1BAACxjwv8YQUAAAAJcEhZcwAADsMAAA7DAcdvqGQAABVJSURBVHhe7VtpcF3leX7Oenft+y7LOxgwpoRCE0InECBpMyGNi9Np0wk/mmScTpjEJhi8G5BtTEhIyrSBkpk2abMQMiRMIUshQMJqjI1jWxhrt2StV9LVXc7e5zu6li1bu0Q6k8mjka98zrnf+d73e9/nfd7v3Is/4X3G+k/e/q3airpMXWW9t7R2mReN5B7PnpqAhx9+eEVBtKB7SXWDJ66tKa/NXHv1XzybPf2+Qcq+LjqWVDV4pmdC5Y8saZBhwbBteKoHzdCQMBKZ/pH+0EMPPVRwYMfeASs/wtl4CJqAKlvwPL46GjIqB/Nc/P1nN2y+//7G/WOjLx4W3QFBNdBZVlpZ6Ugm3EEPowXDKNn2YbjRNNK2hYAbRs5LaSR+2Q3HNGDJCrTkKOS/W43kMhdOkYIwTOR6YfR+vxUFx3QkjQQkVYXL93f2dCzqnBd1sIqyak9XXYxmbOReX4bEp2LQHCV79hw8Lq/JSFC+2oxRdRihPVfSQAW642avmIiyZA4S+1qRGo1DV3X8909/2nD11Zc1Z08vCIvmgMrymoyiyAHNNOE9+AFklB4ojg6XYT0ZNNdCSgnwLxMh2m3IOhSG+mRQPQcmZzraeAI5PRr0YAgtnc2LMnc5+7ogbP3a1s8FJCngujIy+5fSpEFIrjal8QKWrEGjwZqnwpbUKY0XsCWFE1VQsHkVRmocWJ6Euqq6qQefAy6Oz3mg+WTLWzonVXTPlRgNpd83apV5D1xXBPuFPkaFjFs/dmv50aNHf549PS8sSgQoigJTszEQG8weeX9gc7YanVC6/Uo4jLY3Xzn4T9lT88aCHXDPPVt3S5KE4WWiZL1PS38BetQR6AyzTCaTPTJ/LNgBjY171wkHLPnLNQzRqfN4MaFRJ5AWIe67UCzYAZrG+uy6SHaNwPnDBAArCLWDp/jldKFYsAN6erq/KSbS+sI7JKbZT0izJShMat21s0dmD4fh73kaQqGQ//8NGzZsqq6qi9eWV7vVFXVuQV5Rq39iFliUNRP6HY6B5ANVlLGits8Mk3xRmwihi1WD5mSPzg4N8Qp03/86XF2CLeQ1R9BYKk1moK140JmKssxzru11nG6fdpEXHAECtuPA9nREzRzKPB6Yxh5xSuZEg66EXp2afw5TsGmUWLNj+/4XGc307ysUwkBsAEX/vAZFjWtR99W1GCiitJZkuJ4rlZdWeTffdPPtYyNcjFlFAEM879FvPfrJvMI8bLhlw1NSvjSUPeXjYx/9+CNHjh/bmAiPInLPquzRyeGKick2LuurRFNuKxxFdDuzkyOqayLPLkb3nmbkpIdRfuef4UR1L/sLCjA6R7PEyjOt4CLtqnB+0IHg24wvJ4MVq5c+9Ovnn/9KdqhxTOuA+vp6zzHZvbmMcNZ6j6+eZ0OhcjMlG4898fgnbrnppqfFtcvKahl7OpxdNSRDl6s1eUVw+F5IBuvnSah76uhdjVEwvQP8+k+izY+UIvOlo2iRTyNn/xUIGQpchjzbD6Q1IJClE4/3d0RgGR6qrFIMbT9MBxl48skfffCaa655eeyqMUzqgNLSipOqoi8N2QywAG/ijKJdStNwGXlsVyPhAoxaBleS3mYY7t+37/Yf/Nf3o0eOHHvsjDuE4IFVCFmTG+VLXlWG+ZWTkPc1cKIKDZieAxQYqB1dgdbdryLnziXoqU4iYNJiLsJ0cGmeHfJQejSA5L82kx8cdHS2TLD5IgcUFhR1RiOxSsWwoF9XhcRtOj1L0aFxOLK8yEOVfX4hQ7H57ldRKEX999EXzDmJN2X3tn0tuoMDDPeLbyAc4PKEt+0UIKJFDU7ZBwgDVPYTZe+FcfqxE8jftYrdo8EmCgg5JqNpev6QmRpiHWTQUXf/HpITQ8ZIHRoY6Lsye8lEBlqxYsVjwWh+pcwJ5u9jR/fpMI9KMETUUnuLtVA5KLwgBqURrvRqmFtrkJRHINuaH3YSJ9y35wjDWjQ4jj/u+WCWMkSFI0QgqH5oTwWdOV9yKoqWRw9CbWxAXE/BJH+I0jmT8QIu01A4V+Gc83d8iJVCRlAJrM2e9jFhlL7evjs09uQlu67FSaUXFsN7KriCdBi6UkxnPl6C+p0fhMreXxaOYmubvvct3/sXwuMkhIMFe8+EUHMEbY8fR/CRdUgzImXeT+T7XGGqDkaDHb5wCofD4nU8MMdnUVVR3ZEbysPp3EF0RJoRm2GCYgRhrOSJrS4ZR3JboO2pZ4gOwSUbh7w8aC9ypbgKPiFloXL1PDrPsVUYuneRk/ya7qVQ1J2L5OPHoNxbCc9ICX71I0ek1VwhFsZyIugvNuBZJn7yk59syJ46Z2VADVQJD5XftZakR4KZI1QKkjQ9rexaCdwQYnTI0J45g6JMMHvFOQgNrzoqJN+aC6PMRcyqwOg3mmDvW0MS08RWof+7IPCeDRuuYiWTYJpk8ix8B/zwhz+8wsmYJJcMMvydz80ER3gSHSBrUG/NR9luphptM7a2sWYHfAEkYLACiDLpkB8Eb2jn2X+WZJXtTXAeqEeA+R7idWLlzwXt3CHskfkb1jRWAnLTiPJM9tQYSefn55+KhouXxD5RheR1TDKbyk7Q+rzA91MVOnaGkaRD3tWEEi+GwfvLaQR1BDnAUlhhNvUguKuWXGLCVMassxUX1uYjWHnfzWjyuhDhHFjq55X358OPINGyNzahdFDHye62cXf6VkaD0SWsmFAuCVM/i1WYr/ECfC/rs8IuUdFtuPtXo8c7DWPTCQQsxzc+7FAAU52JqpIRu72cjqjRmW+1YcXGG3BSboeq0Yk8fqHxPqdQTDmS2HIbM24muIw/cW3RSBidg30t2cM+fEuFO1zGyIi+8A2G8yFkaZhKUt53FawVCvp3neD/SZw81k9FlWfHyAUMcV67dLQY4fwgOsriCLDM6s45kTPe9zN68sx85JrsOzIyAgbJVJ25m6TyQHrnu/44aSO1JHvYhz9yNCfnzYJo4brCxnXo44/AQnJuMqheAt7LASR+14bcu+tw6eBKdBx9F4MfCHC1HbRvOYqKB1ZDt7iy9IgeKMHogy9B67GgOFFYmuCYJFJWAuGGUmirK6HUBBApDFOWZ+AEU6xAk09aZxkqMYopid+gZvHQ2dU6fuH4H7kVFZ5RQoV352rfUwt1gB+e4ofEJsZzXQpaOY38gypCko6BNQ6Gt76F0t1XIrPlXRh7q1HUmQdz/xswtTByGQX9ZaMo33QZujHCwcKIwILKNEoqokiTp1ST4wvHkEcoqUNUrJPBlR1/D3FJsgK9FGk98bbeZDJZKs6Nv6Mgr9CNhmKS89ByJiSblSkgyldaY88vj+KKgQq8sftXKAwWAdYwMqIbC5D4fMFCFalyUqy7VtBEm5XC9V+8EYdWO+i792dYd8e1iO89QQMCGEgNIhCtQEQZQuXum9CMLozqw4jQaFGaFwtiy87b0gbXcNDVd9q3fYLLGmqWeKMkqcC2eubW5N7sf+II1n7sOowUphAXehYZrgbzkCugWOKJT9h3gOgKFMpcO0gdnWI54/rluYVo+9mbiLyWghbOZT1Ok/xMRHdcgkyhAbXHwHCYZZTkKAgwMMWTovlCYljXdxeh+cCrWHPFpU89+4tnb5tg5ZLqes8W2nnvcpjU4ZNBrMg4Kc0BokWVPDqDqYA083hHL//kOGyve3QTOfeVIWhFEQ+EELYnv/dCITRGARcivfkYU9Q12jvbguP1LhKK9YsuLbxtlS8Xp8J8jBfwPNGWSViWzoPR2Iu+A+WQlDSSjRWQtCCsTX3Q39bZsSX9Tdb3A5rrIOGXX66D6/p7d+MOCATDhaetfhhhg7V66iZozhBZwpRwMwkUvWziUOPLUO6vgppRMUpnamyccrfWItC4DMNdg6j68hlE1VJWBtE3soAxchYLQjvI2T1LUaL9V/HP+vXrN0djubj+gduY0WLG81vlyaCQpcWPvacLg8+0I3jfUgRtD8VuDpKeASeb546QwH8VRc+DFTA3v4yOr/2exBqERrm8WGDrheKUaPH9CPCZ3nfAc889d7tDQdLlsq/3WXc8MBYAsVskwcrY0Ha0Qmc/oJLsxONyBxoKkiHY7PooGf2S6zO02G9QqA4bV0CNeDD4vtKBKIURI4gr5ktaMb15gs0nDj/yC5/HqqtrviuO+ZbS+KUywzGwiOqHYpWFoQC5OzoRzzhYtuVypAMj/koLdP++HS6V34UQ9gWZMuWbV6Pk40Xo/eYxWNQJGqNGhO18OUjAoLmVA/lQKb9fee23nxfHfAcEg8H3BEvnpENZDy8s78QuT8yOAne9zQ7TgaS7OFU4xLLIAkfjLMlgGqgIFOawCEzkG2GeYGtbVjFyjYKKjaugKCEod7Wh6CCzwt+dEhEz+1AQXCKur7KKmZIqhlPnNrV9B2zcuPEzWlDHq3t/jhRTw6ZSmy9ky0LMLUHiriYkGHMBpkF0Z72/smchVlGikbk5OYySadKNEXm6NI6yndf6laHvRxQxd55gOtELVHezhSs+g8AJDG59neU9g5KSsv/MnjrHduLpjmszDw/UshuevXfPQjzgEHt1cooG7eyEw5X3JCrBG/Mx/JGQv0EpbiZWT+RgTVcRDj35Ioq/dKnfiE0HwQ8NyTKc2PoStCAlFSOp9yoFeZ+pQsbI0KHZsLgAbJV4MxVCuPbtOYSiwUIMDA0ikRwat3vc/Ta7L7EyuW+rnCAHnCNEaDOp4e6m8Vxd8SPcEr9RdHZCGZ6DuI9XylkNipI7s7NFS3wqcgal/3gp04FSXHIQO0it8uWTKD5FDaGymmTHGbvvGCTWfZEp3dsPIjxcwiPuBOMFxh1w61/fUupR/o5+r5mqiM4Q5WuSXd0LITYxdF4mU+jo2w7DoqpzKTbEx2PcD4fHWJ+RcBaCZ8VvvzOIWIqydxaix2SaiCdKcTZQ8bwhOlhmLlN+0xnD3zmFXIqo+JZ3UNMdRsAN8n4yiswcSM9YCH21FRXJEkaNg6f/5+mLHltN8Malqy93k8MJqUcZQWT/5dDN6XttEcrsxZAnVyC++TXks9cfYt7r2xtgb2+B/WDVZJHpQyH5OduaIe1Z6m+SzgqMzAxMaFvb/RLb3tkqVZVV92myWuSwnIoNV/FESvQiEUtGgoGs6qxHDpuxjnO7QOdjAgMdPXZYzrATLPHyMLydqykLB5AX+Oq3tTTGIfl4giSpqFzPwvC/d5LwXofKsE4GPaz+3AqMssvr0Qe4SlNHkCtblMIi1eZQcSQbQa5uZNclJEUPFcWVXueZjuKWrhbpNy8+F2rpavt1Kp1MWVztITZ1A8O9bS/99oXIVMYLXETBB76+v1hmk1IRZwhtaUGNV80bM6TViP8EWGX+ORkJxqNN0LZ0o/g9duYcRURDl96PwytSiMQZTTs+xGNTVxNXpixlqjjqRVOYEZY0gkF3ALqu44477qgVx+rr6zOe53ykv78vcrq7UxK/7PnrKisrqbamxpSeqS6r8bVZQCVZ0ThbMCq9LmStaGrEEyCxb6eYLlIy21slioEdeVhj16Jp22+g7V2ZHWlySKYJ5/un4f1Dlb+TLHJ8th+xEf1BUboA6V1Nvpps7WyfZQ5djCnd33GmXVq2fNndnJefRyKVxS6PIEpqBq+mvm7/yZYmyabIUS0NgXuXIcdScGjXrxBZN/a8cDo4QQnl6y/BpekqpExjjNRmCcnV0R+KY1AfYgLN23YfC3p3fcMSDyMeyrZejTM5ZzCqKZC3tCG4s5rVYQr2y0KsouiQjS1vI/++dUgywtTzHyFNA8FFopLUd5ej6+HXMGIkD/UP9I4/8JwL5p6AWZSXVlqBpIzALUVoKmpHXJdQ/Z6OkEUlqc5cPsUzAouGJDQTI2T2gNC4s8TZluVM0RD5QEEkHJ3wwHMumJcD6mvqPFkNqkNrLcRvDiJmBhGhIkv8ywmMRK1zM5wGbPfZD8io2/RRaBkNo6JVmyMSoWF4QmHO/a3jmJMDduzYoZbklbAqUltf5sH8bDXDVoGh2yhtj1H765CW5jGvZnaAy9ZXXDYcGUI4N4cRMPf+QzRU4oPUM99taszaAX/zyb998jv/9oQVCscQ+kQ5tA2VCNhkb+oCLaVg4NF32W+bWH7VqlmzuUDAcmGMxKk1GDlzhG1YPjEvxAOzckBleZXz1utv3KZDQ+7nl6Hvz0WUj5UtiSJpYPNxihrxfwktb77rN0azhScrrCwKq8AcBFEWdX3lLKHUJOKbF/PEtDMtKytL1lbUeSp7VhcW9MblOLM8BQo+QgS6h8w3O1AROaf108e6KUkXkJSzgL8XQJ4d+PZh/p3G9773H2XZU3PGpA4oKy1P1Fct8TToYZ01t6+E3VbjCqTlNDRLbFaIZsRFWW8hcjqY924IR5ve8SeRl8mlMJp9BMwHLmVZas9xiGXXw7m44YYbJnxsby6YMNOVK1f+WHxji9QStf1H5A6C2+tRsGklFRe7O3ZuZ9PNCShIfP2I3yNosfCPo9Foz8jI0Kiteui9/5XsVXODiJvZMHrmvuMoGA3Bsiwcf+/YQjhwogN6e3s/pbF3Hwqk4Irn+d9Yif5wCp54nM1GRFQ3sRkjPooav/cgDDJQVXUljp1459Pi/YOJeEyE55rBagSeHaCzZtYD4tsgCtIIpMNk9DTC7OIuhGhvA+LzSkle/7UW5CcL4JJzHnrkwNw3Li7AhLtFIpGfJVhWCtgNyhLlL2NMfDbw/FWRGQXxPSdQliqGHXDw0qsvT1iBL278Qv2w2BN4PoHk9km/IjgO0UAproHy0xWwt72H4S2nkGLDexbivNg8KbViGNlyDPrOToQYnw6PN3c2F6xfv35mD8+Ai8KnrLSyXVcD1SNyL0L7Loeo+QLCUzoFT3rPYShG0P+WSGvHqUnDb+e2nTc+8fh3fyEmr5JJBpeaUL9QybFk/t+F6VjI4boPKzGk7/4NCowy9gauHZB11XbEIzQFIcdGktJabKbotkkK9hAMaOI5wist7aeuzd5qwZjUgIb65V6aZFd6Rx16l4o9NzZAT5NnXhz29/pURgdXYNL3no/ywgpDCeu6ZnCh2PHZkvhCpM3SKSPmqhjmOJJs8pjzu9NdXdeJ9yxfvvy79oj1Wf9zWsw5W/QMlmlfsnLVt3/5wq+/LK5ZTExphCh/4kEplDRcJwRdpAIdkRgZOjWQiC/NXjYrBAPRF8pLSq/3sttfYhzxIIavbltX67ka+v+AKR3QULfcc02LFwixIyPtWujq6pxx1f+oUFZS7lVW1Kafeur5vOyhP+GPC8D/ASM9C/wDT38LAAAAAElFTkSuQmCC",
            "image_url": "https://d36xj9p3yhtjhl.cloudfront.net/eu-west-2_xflGxCMFC/ALL/20220805124650/assets/images/image.jpg",
            "last_modified_date": "0001-01-01T00:00:00Z",
            "user_pool_id": "eu-west-2_xflGxCMFC"
          },
          "sensitive_attributes": [],
          "private": "bnVsbA==",
          "dependencies": [
            "aws_cognito_user_pool.VC-userpool",
            "aws_cognito_user_pool_domain.VC-userpool-domain"
          ]
        }
      ]
    },
    {
      "mode": "managed",
      "type": "aws_iam_policy",
      "name": "lambda-logs-policy",
      "provider": "provider[\"registry.terraform.io/hashicorp/aws\"]",
      "instances": [
        {
          "schema_version": 0,
          "attributes": {
            "arn": "arn:aws:iam::822478101782:policy/iam-lambda-policy",
            "description": "",
            "id": "arn:aws:iam::822478101782:policy/iam-lambda-policy",
            "name": "iam-lambda-policy",
            "name_prefix": null,
            "path": "/",
            "policy": "{\"Statement\":[{\"Action\":[\"logs:PutLogEvents\",\"logs:CreateLogStream\",\"logs:CreateLogGroup\",\"lambda:InvokeFunction\",\"execute-api:ManageConnections\"],\"Effect\":\"Allow\",\"Resource\":\"*\",\"Sid\":\"CreateCloudWatchLogs\"}],\"Version\":\"2012-10-17\"}",
            "policy_id": "ANPA3674D3ULH25I33WJO",
            "tags": {},
            "tags_all": {}
          },
          "sensitive_attributes": [],
          "private": "bnVsbA==",
          "dependencies": [
            "data.aws_iam_policy_document.lambda-iam-policy-doc"
          ]
        }
      ]
    },
    {
      "mode": "managed",
      "type": "aws_iam_role",
      "name": "lambda-role",
      "provider": "provider[\"registry.terraform.io/hashicorp/aws\"]",
      "instances": [
        {
          "schema_version": 0,
          "attributes": {
            "arn": "arn:aws:iam::822478101782:role/lambda-role",
            "assume_role_policy": "{\"Statement\":[{\"Action\":\"sts:AssumeRole\",\"Effect\":\"Allow\",\"Principal\":{\"Service\":\"lambda.amazonaws.com\"}}],\"Version\":\"2012-10-17\"}",
            "create_date": "2022-07-29T20:40:42Z",
            "description": "",
            "force_detach_policies": false,
            "id": "lambda-role",
            "inline_policy": [],
            "managed_policy_arns": [
              "arn:aws:iam::822478101782:policy/iam-lambda-policy"
            ],
            "max_session_duration": 3600,
            "name": "lambda-role",
            "name_prefix": "",
            "path": "/",
            "permissions_boundary": null,
            "tags": {},
            "tags_all": {},
            "unique_id": "AROA3674D3ULKRZLHDEB2"
          },
          "sensitive_attributes": [],
          "private": "bnVsbA=="
        }
      ]
    },
    {
      "mode": "managed",
      "type": "aws_iam_role_policy_attachment",
      "name": "lambda_logs",
      "provider": "provider[\"registry.terraform.io/hashicorp/aws\"]",
      "instances": [
        {
          "schema_version": 0,
          "attributes": {
            "id": "lambda-role-20220729204040652600000002",
            "policy_arn": "arn:aws:iam::822478101782:policy/iam-lambda-policy",
            "role": "lambda-role"
          },
          "sensitive_attributes": [],
          "private": "bnVsbA==",
          "dependencies": [
            "aws_iam_policy.lambda-logs-policy",
            "aws_iam_role.lambda-role",
            "data.aws_iam_policy_document.lambda-iam-policy-doc"
          ]
        }
      ]
    },
    {
      "mode": "managed",
      "type": "aws_lambda_function",
      "name": "VC",
      "provider": "provider[\"registry.terraform.io/hashicorp/aws\"]",
      "instances": [
        {
          "schema_version": 0,
          "attributes": {
            "architectures": [
              "x86_64"
            ],
            "arn": "arn:aws:lambda:eu-west-2:822478101782:function:VC",
            "code_signing_config_arn": "",
            "dead_letter_config": [],
            "description": "",
            "environment": [
              {
                "variables": {
                  "VC_MONGO_URI": "mongodb+srv://vc-user:cz0O3xiWeZJNfFju@vc-cluster.1l6slik.mongodb.net/?retryWrites=true\u0026w=majority"
                }
              }
            ],
            "ephemeral_storage": [
              {
                "size": 512
              }
            ],
            "file_system_config": [],
            "filename": "VC/VC.zip",
            "function_name": "VC",
            "handler": "VC.VC",
            "id": "VC",
            "image_config": [],
            "image_uri": "",
            "invoke_arn": "arn:aws:apigateway:eu-west-2:lambda:path/2015-03-31/functions/arn:aws:lambda:eu-west-2:822478101782:function:VC/invocations",
            "kms_key_arn": "",
            "last_modified": "2022-08-08T14:11:01.000+0000",
            "layers": [
              "arn:aws:lambda:eu-west-2:822478101782:layer:VC-layer:3"
            ],
            "memory_size": 512,
            "package_type": "Zip",
            "publish": false,
            "qualified_arn": "arn:aws:lambda:eu-west-2:822478101782:function:VC:$LATEST",
            "reserved_concurrent_executions": -1,
            "role": "arn:aws:iam::822478101782:role/lambda-role",
            "runtime": "nodejs16.x",
            "s3_bucket": null,
            "s3_key": null,
            "s3_object_version": null,
            "signing_job_arn": "",
            "signing_profile_version_arn": "",
            "source_code_hash": "rifB2rS/I4kKfjzBzkFYJjXt0UigrjyF1tPGEIcgPCQ=",
            "source_code_size": 16719,
            "tags": {},
            "tags_all": {},
            "timeout": 10,
            "timeouts": null,
            "tracing_config": [
              {
                "mode": "PassThrough"
              }
            ],
            "version": "$LATEST",
            "vpc_config": []
          },
          "sensitive_attributes": [],
          "private": "eyJlMmJmYjczMC1lY2FhLTExZTYtOGY4OC0zNDM2M2JjN2M0YzAiOnsiY3JlYXRlIjo2MDAwMDAwMDAwMDB9fQ==",
          "dependencies": [
            "aws_iam_role.lambda-role",
            "aws_lambda_layer_version.VC-layer",
            "data.archive_file.VC-layer-archive",
            "data.archive_file.VCArchive"
          ]
        }
      ]
    },
    {
      "mode": "managed",
      "type": "aws_lambda_function",
      "name": "VC-DAL",
      "provider": "provider[\"registry.terraform.io/hashicorp/aws\"]",
      "instances": [
        {
          "schema_version": 0,
          "attributes": {
            "architectures": [
              "x86_64"
            ],
            "arn": "arn:aws:lambda:eu-west-2:822478101782:function:VC-DAL",
            "code_signing_config_arn": "",
            "dead_letter_config": [],
            "description": "",
            "environment": [
              {
                "variables": {
                  "VC_MONGO_URI": "mongodb+srv://vc-user:cz0O3xiWeZJNfFju@vc-cluster.1l6slik.mongodb.net/?retryWrites=true\u0026w=majority"
                }
              }
            ],
            "ephemeral_storage": [
              {
                "size": 512
              }
            ],
            "file_system_config": [],
            "filename": "VC-DAL/VC-DAL.zip",
            "function_name": "VC-DAL",
            "handler": "VC-DAL.VCDAL",
            "id": "VC-DAL",
            "image_config": [],
            "image_uri": "",
            "invoke_arn": "arn:aws:apigateway:eu-west-2:lambda:path/2015-03-31/functions/arn:aws:lambda:eu-west-2:822478101782:function:VC-DAL/invocations",
            "kms_key_arn": "",
            "last_modified": "2022-08-08T17:41:28.000+0000",
            "layers": [
              "arn:aws:lambda:eu-west-2:822478101782:layer:VC-DAL-node-modules:6",
              "arn:aws:lambda:eu-west-2:822478101782:layer:VC-layer:3"
            ],
            "memory_size": 1024,
            "package_type": "Zip",
            "publish": false,
            "qualified_arn": "arn:aws:lambda:eu-west-2:822478101782:function:VC-DAL:$LATEST",
            "reserved_concurrent_executions": -1,
            "role": "arn:aws:iam::822478101782:role/lambda-role",
            "runtime": "nodejs16.x",
            "s3_bucket": null,
            "s3_key": null,
            "s3_object_version": null,
            "signing_job_arn": "",
            "signing_profile_version_arn": "",
            "source_code_hash": "CGo8JmWdHQlkVVBdYOcOYSD247a/XV6tPlLCMffo28s=",
            "source_code_size": 8485,
            "tags": {},
            "tags_all": {},
            "timeout": 15,
            "timeouts": null,
            "tracing_config": [
              {
                "mode": "PassThrough"
              }
            ],
            "version": "$LATEST",
            "vpc_config": []
          },
          "sensitive_attributes": [],
          "private": "eyJlMmJmYjczMC1lY2FhLTExZTYtOGY4OC0zNDM2M2JjN2M0YzAiOnsiY3JlYXRlIjo2MDAwMDAwMDAwMDB9fQ==",
          "dependencies": [
            "aws_iam_role.lambda-role",
            "aws_lambda_layer_version.VC-DAL-node-modules",
            "aws_lambda_layer_version.VC-layer",
            "data.archive_file.VC-DAL-layer-archive",
            "data.archive_file.VC-DALArchive",
            "data.archive_file.VC-layer-archive"
          ]
        }
      ]
    },
    {
      "mode": "managed",
      "type": "aws_lambda_layer_version",
      "name": "VC-DAL-node-modules",
      "provider": "provider[\"registry.terraform.io/hashicorp/aws\"]",
      "instances": [
        {
          "schema_version": 0,
          "attributes": {
            "arn": "arn:aws:lambda:eu-west-2:822478101782:layer:VC-DAL-node-modules:6",
            "compatible_architectures": [
              "x86_64"
            ],
            "compatible_runtimes": [
              "nodejs16.x"
            ],
            "created_date": "2022-08-05T21:02:45.130+0000",
            "description": "layer for VC-DAL/node_modules which includes: node-fetch and mongoDB",
            "filename": "./VC-DAL/VC-DAL-layer.zip",
            "id": "arn:aws:lambda:eu-west-2:822478101782:layer:VC-DAL-node-modules:6",
            "layer_arn": "arn:aws:lambda:eu-west-2:822478101782:layer:VC-DAL-node-modules",
            "layer_name": "VC-DAL-node-modules",
            "license_info": "",
            "s3_bucket": null,
            "s3_key": null,
            "s3_object_version": null,
            "signing_job_arn": "",
            "signing_profile_version_arn": "",
            "skip_destroy": false,
            "source_code_hash": "//5J0hQL9zMeR7WqSzR4ZC/MUGKVvZQuraevcrDOj18=",
            "source_code_size": 3498222,
            "version": "6"
          },
          "sensitive_attributes": [],
          "private": "bnVsbA==",
          "dependencies": [
            "data.archive_file.VC-DAL-layer-archive"
          ]
        }
      ]
    },
    {
      "mode": "managed",
      "type": "aws_lambda_layer_version",
      "name": "VC-layer",
      "provider": "provider[\"registry.terraform.io/hashicorp/aws\"]",
      "instances": [
        {
          "schema_version": 0,
          "attributes": {
            "arn": "arn:aws:lambda:eu-west-2:822478101782:layer:VC-layer:3",
            "compatible_architectures": [
              "x86_64"
            ],
            "compatible_runtimes": [
              "nodejs16.x"
            ],
            "created_date": "2022-07-31T10:16:46.506+0000",
            "description": "layer for /node_modules",
            "filename": "./VC/VC-layer.zip",
            "id": "arn:aws:lambda:eu-west-2:822478101782:layer:VC-layer:3",
            "layer_arn": "arn:aws:lambda:eu-west-2:822478101782:layer:VC-layer",
            "layer_name": "VC-layer",
            "license_info": "",
            "s3_bucket": null,
            "s3_key": null,
            "s3_object_version": null,
            "signing_job_arn": "",
            "signing_profile_version_arn": "",
            "skip_destroy": false,
            "source_code_hash": "YW0GGta5CYgg+s/9UEBey5N8aBu/AH1Y8ApHnpDN6ms=",
            "source_code_size": 13686389,
            "version": "3"
          },
          "sensitive_attributes": [],
          "private": "bnVsbA==",
          "dependencies": [
            "data.archive_file.VC-layer-archive"
          ]
        }
      ]
    },
    {
      "mode": "managed",
      "type": "aws_lambda_permission",
      "name": "invoke-VC",
      "provider": "provider[\"registry.terraform.io/hashicorp/aws\"]",
      "instances": [
        {
          "schema_version": 0,
          "attributes": {
            "action": "lambda:InvokeFunction",
            "event_source_token": null,
            "function_name": "VC",
            "function_url_auth_type": null,
            "id": "AllowExecFromVCAPI",
            "principal": "apigateway.amazonaws.com",
            "principal_org_id": null,
            "qualifier": "",
            "source_account": null,
            "source_arn": "arn:aws:execute-api:eu-west-2:822478101782:wy6rfz1526/*",
            "statement_id": "AllowExecFromVCAPI",
            "statement_id_prefix": ""
          },
          "sensitive_attributes": [],
          "private": "bnVsbA==",
          "dependencies": [
            "aws_apigatewayv2_api.VCAPI",
            "aws_iam_role.lambda-role",
            "aws_lambda_function.VC",
            "aws_lambda_layer_version.VC-layer",
            "data.archive_file.VC-layer-archive",
            "data.archive_file.VCArchive"
          ]
        }
      ]
    },
    {
      "mode": "managed",
      "type": "aws_lambda_permission",
      "name": "invoke-VC-DAL",
      "provider": "provider[\"registry.terraform.io/hashicorp/aws\"]",
      "instances": [
        {
          "schema_version": 0,
          "attributes": {
            "action": "lambda:InvokeFunction",
            "event_source_token": null,
            "function_name": "VC-DAL",
            "function_url_auth_type": null,
            "id": "AllowExecFromScraperAPI",
            "principal": "apigateway.amazonaws.com",
            "principal_org_id": null,
            "qualifier": "",
            "source_account": null,
            "source_arn": "arn:aws:execute-api:eu-west-2:822478101782:wy6rfz1526/*",
            "statement_id": "AllowExecFromScraperAPI",
            "statement_id_prefix": ""
          },
          "sensitive_attributes": [],
          "private": "bnVsbA==",
          "dependencies": [
            "aws_apigatewayv2_api.VCAPI",
            "aws_iam_role.lambda-role",
            "aws_lambda_function.VC-DAL",
            "aws_lambda_layer_version.VC-DAL-node-modules",
            "aws_lambda_layer_version.VC-layer",
            "data.archive_file.VC-DAL-layer-archive",
            "data.archive_file.VC-DALArchive",
            "data.archive_file.VC-layer-archive"
          ]
        }
      ]
    },
    {
      "mode": "managed",
      "type": "aws_s3_bucket",
      "name": "VCbucket",
      "provider": "provider[\"registry.terraform.io/hashicorp/aws\"]",
      "instances": [
        {
          "schema_version": 0,
          "attributes": {
            "acceleration_status": "",
            "acl": null,
            "arn": "arn:aws:s3:::www.vc",
            "bucket": "www.vc",
            "bucket_domain_name": "www.vc.s3.amazonaws.com",
            "bucket_prefix": null,
            "bucket_regional_domain_name": "www.vc.s3.eu-west-2.amazonaws.com",
            "cors_rule": [],
            "force_destroy": false,
            "grant": [
              {
                "id": "63a12ce4667f3053c7d5c5dab8a424811ba79fa225d573acb8575f597b9b493d",
                "permissions": [
                  "FULL_CONTROL"
                ],
                "type": "CanonicalUser",
                "uri": ""
              }
            ],
            "hosted_zone_id": "Z3GKZC51ZF0DB4",
            "id": "www.vc",
            "lifecycle_rule": [],
            "logging": [],
            "object_lock_configuration": [],
            "object_lock_enabled": false,
            "policy": "{\"Version\":\"2012-10-17\",\"Statement\":[{\"Sid\":\"vc-staticwebsitepermissions\",\"Effect\":\"Allow\",\"Principal\":{\"AWS\":\"*\"},\"Action\":\"s3:GetObject\",\"Resource\":\"arn:aws:s3:::www.vc/*\"}]}",
            "region": "eu-west-2",
            "replication_configuration": [],
            "request_payer": "BucketOwner",
            "server_side_encryption_configuration": [],
            "tags": {},
            "tags_all": {},
            "versioning": [
              {
                "enabled": false,
                "mfa_delete": false
              }
            ],
            "website": [],
            "website_domain": null,
            "website_endpoint": null
          },
          "sensitive_attributes": [],
          "private": "bnVsbA==",
          "dependencies": [
            "aws_apigatewayv2_api.VCAPI"
          ]
        }
      ]
    },
    {
      "mode": "managed",
      "type": "aws_s3_bucket_policy",
      "name": "VCPolicy",
      "provider": "provider[\"registry.terraform.io/hashicorp/aws\"]",
      "instances": [
        {
          "schema_version": 0,
          "attributes": {
            "bucket": "www.vc",
            "id": "www.vc",
            "policy": "{\"Statement\":[{\"Action\":\"s3:GetObject\",\"Effect\":\"Allow\",\"Principal\":{\"AWS\":\"*\"},\"Resource\":\"arn:aws:s3:::www.vc/*\",\"Sid\":\"vc-staticwebsitepermissions\"}],\"Version\":\"2012-10-17\"}"
          },
          "sensitive_attributes": [],
          "private": "bnVsbA==",
          "dependencies": [
            "aws_apigatewayv2_api.VCAPI",
            "aws_s3_bucket.VCbucket",
            "data.aws_iam_policy_document.VCPolicyDoc"
          ]
        }
      ]
    },
    {
      "mode": "managed",
      "type": "aws_s3_object",
      "name": "build",
      "provider": "provider[\"registry.terraform.io/hashicorp/aws\"]",
      "instances": [
        {
          "index_key": "4lc-192.png",
          "schema_version": 0,
          "attributes": {
            "acl": "private",
            "bucket": "www.vc",
            "bucket_key_enabled": false,
            "cache_control": "",
            "content": null,
            "content_base64": null,
            "content_disposition": "",
            "content_encoding": "",
            "content_language": "",
            "content_type": "image/png",
            "etag": "2aff96a9a9a1e58395bbc3539fc6f18e",
            "force_destroy": false,
            "id": "4lc-192.png",
            "key": "4lc-192.png",
            "kms_key_id": null,
            "metadata": {},
            "object_lock_legal_hold_status": "",
            "object_lock_mode": "",
            "object_lock_retain_until_date": "",
            "server_side_encryption": "",
            "source": "./vc-react/build/4lc-192.png",
            "source_hash": null,
            "storage_class": "STANDARD",
            "tags": {},
            "tags_all": {},
            "version_id": "",
            "website_redirect": ""
          },
          "sensitive_attributes": [],
          "private": "bnVsbA==",
          "dependencies": [
            "aws_apigatewayv2_api.VCAPI",
            "aws_s3_bucket.VCbucket"
          ]
        },
        {
          "index_key": "4lc-512.png",
          "schema_version": 0,
          "attributes": {
            "acl": "private",
            "bucket": "www.vc",
            "bucket_key_enabled": false,
            "cache_control": "",
            "content": null,
            "content_base64": null,
            "content_disposition": "",
            "content_encoding": "",
            "content_language": "",
            "content_type": "image/png",
            "etag": "77bed42b69b9842dfcccc8d51061e524",
            "force_destroy": false,
            "id": "4lc-512.png",
            "key": "4lc-512.png",
            "kms_key_id": null,
            "metadata": {},
            "object_lock_legal_hold_status": "",
            "object_lock_mode": "",
            "object_lock_retain_until_date": "",
            "server_side_encryption": "",
            "source": "./vc-react/build/4lc-512.png",
            "source_hash": null,
            "storage_class": "STANDARD",
            "tags": {},
            "tags_all": {},
            "version_id": "",
            "website_redirect": ""
          },
          "sensitive_attributes": [],
          "private": "bnVsbA==",
          "dependencies": [
            "aws_apigatewayv2_api.VCAPI",
            "aws_s3_bucket.VCbucket"
          ]
        },
        {
          "index_key": "4lc-64.png",
          "schema_version": 0,
          "attributes": {
            "acl": "private",
            "bucket": "www.vc",
            "bucket_key_enabled": false,
            "cache_control": "",
            "content": null,
            "content_base64": null,
            "content_disposition": "",
            "content_encoding": "",
            "content_language": "",
            "content_type": "image/png",
            "etag": "9247332ef4ebb02f070c6b3b9031406f",
            "force_destroy": false,
            "id": "4lc-64.png",
            "key": "4lc-64.png",
            "kms_key_id": null,
            "metadata": {},
            "object_lock_legal_hold_status": "",
            "object_lock_mode": "",
            "object_lock_retain_until_date": "",
            "server_side_encryption": "",
            "source": "./vc-react/build/4lc-64.png",
            "source_hash": null,
            "storage_class": "STANDARD",
            "tags": {},
            "tags_all": {},
            "version_id": "",
            "website_redirect": ""
          },
          "sensitive_attributes": [],
          "private": "bnVsbA==",
          "dependencies": [
            "aws_apigatewayv2_api.VCAPI",
            "aws_s3_bucket.VCbucket"
          ]
        },
        {
          "index_key": "4lc-favicon.ico",
          "schema_version": 0,
          "attributes": {
            "acl": "private",
            "bucket": "www.vc",
            "bucket_key_enabled": false,
            "cache_control": "",
            "content": null,
            "content_base64": null,
            "content_disposition": "",
            "content_encoding": "",
            "content_language": "",
            "content_type": "image/vnd.microsoft.icon",
            "etag": "7fa7dcb8411c9066180b8c14ac729b97",
            "force_destroy": false,
            "id": "4lc-favicon.ico",
            "key": "4lc-favicon.ico",
            "kms_key_id": null,
            "metadata": {},
            "object_lock_legal_hold_status": "",
            "object_lock_mode": "",
            "object_lock_retain_until_date": "",
            "server_side_encryption": "",
            "source": "./vc-react/build/4lc-favicon.ico",
            "source_hash": null,
            "storage_class": "STANDARD",
            "tags": {},
            "tags_all": {},
            "version_id": "",
            "website_redirect": ""
          },
          "sensitive_attributes": [],
          "private": "bnVsbA==",
          "dependencies": [
            "aws_apigatewayv2_api.VCAPI",
            "aws_s3_bucket.VCbucket"
          ]
        },
        {
          "index_key": "asset-manifest.json",
          "schema_version": 0,
          "attributes": {
            "acl": "private",
            "bucket": "www.vc",
            "bucket_key_enabled": false,
            "cache_control": "",
            "content": null,
            "content_base64": null,
            "content_disposition": "",
            "content_encoding": "",
            "content_language": "",
            "content_type": "application/json",
            "etag": "d903633a8ce8b07e841e8925fd20c328",
            "force_destroy": false,
            "id": "asset-manifest.json",
            "key": "asset-manifest.json",
            "kms_key_id": null,
            "metadata": {},
            "object_lock_legal_hold_status": "",
            "object_lock_mode": "",
            "object_lock_retain_until_date": "",
            "server_side_encryption": "",
            "source": "./vc-react/build/asset-manifest.json",
            "source_hash": null,
            "storage_class": "STANDARD",
            "tags": {},
            "tags_all": {},
            "version_id": "",
            "website_redirect": ""
          },
          "sensitive_attributes": [],
          "private": "bnVsbA==",
          "dependencies": [
            "aws_apigatewayv2_api.VCAPI",
            "aws_s3_bucket.VCbucket"
          ]
        },
        {
          "index_key": "index.html",
          "schema_version": 0,
          "attributes": {
            "acl": "private",
            "bucket": "www.vc",
            "bucket_key_enabled": false,
            "cache_control": "",
            "content": null,
            "content_base64": null,
            "content_disposition": "",
            "content_encoding": "",
            "content_language": "",
            "content_type": "text/html; charset=utf-8",
            "etag": "03dbc857f642063830b0a4aeacb8f331",
            "force_destroy": false,
            "id": "index.html",
            "key": "index.html",
            "kms_key_id": null,
            "metadata": {},
            "object_lock_legal_hold_status": "",
            "object_lock_mode": "",
            "object_lock_retain_until_date": "",
            "server_side_encryption": "",
            "source": "./vc-react/build/index.html",
            "source_hash": null,
            "storage_class": "STANDARD",
            "tags": {},
            "tags_all": {},
            "version_id": "",
            "website_redirect": ""
          },
          "sensitive_attributes": [],
          "private": "bnVsbA==",
          "dependencies": [
            "aws_apigatewayv2_api.VCAPI",
            "aws_s3_bucket.VCbucket"
          ]
        },
        {
          "index_key": "manifest.json",
          "schema_version": 0,
          "attributes": {
            "acl": "private",
            "bucket": "www.vc",
            "bucket_key_enabled": false,
            "cache_control": "",
            "content": null,
            "content_base64": null,
            "content_disposition": "",
            "content_encoding": "",
            "content_language": "",
            "content_type": "application/json",
            "etag": "d02723c02d349ac9765c124beead6107",
            "force_destroy": false,
            "id": "manifest.json",
            "key": "manifest.json",
            "kms_key_id": null,
            "metadata": {},
            "object_lock_legal_hold_status": "",
            "object_lock_mode": "",
            "object_lock_retain_until_date": "",
            "server_side_encryption": "",
            "source": "./vc-react/build/manifest.json",
            "source_hash": null,
            "storage_class": "STANDARD",
            "tags": {},
            "tags_all": {},
            "version_id": "",
            "website_redirect": ""
          },
          "sensitive_attributes": [],
          "private": "bnVsbA==",
          "dependencies": [
            "aws_apigatewayv2_api.VCAPI",
            "aws_s3_bucket.VCbucket"
          ]
        },
        {
          "index_key": "robots.txt",
          "schema_version": 0,
          "attributes": {
            "acl": "private",
            "bucket": "www.vc",
            "bucket_key_enabled": false,
            "cache_control": "",
            "content": null,
            "content_base64": null,
            "content_disposition": "",
            "content_encoding": "",
            "content_language": "",
            "content_type": "text/plain; charset=utf-8",
            "etag": "fa1ded1ed7c11438a9b0385b1e112850",
            "force_destroy": false,
            "id": "robots.txt",
            "key": "robots.txt",
            "kms_key_id": null,
            "metadata": {},
            "object_lock_legal_hold_status": "",
            "object_lock_mode": "",
            "object_lock_retain_until_date": "",
            "server_side_encryption": "",
            "source": "./vc-react/build/robots.txt",
            "source_hash": null,
            "storage_class": "STANDARD",
            "tags": {},
            "tags_all": {},
            "version_id": "",
            "website_redirect": ""
          },
          "sensitive_attributes": [],
          "private": "bnVsbA==",
          "dependencies": [
            "aws_apigatewayv2_api.VCAPI",
            "aws_s3_bucket.VCbucket"
          ]
        },
        {
          "index_key": "static/css/main.a10c0205.css",
          "schema_version": 0,
          "attributes": {
            "acl": "private",
            "bucket": "www.vc",
            "bucket_key_enabled": false,
            "cache_control": "",
            "content": null,
            "content_base64": null,
            "content_disposition": "",
            "content_encoding": "",
            "content_language": "",
            "content_type": "text/css; charset=utf-8",
            "etag": "8090a1ea8a8032e293792b04d624aa01",
            "force_destroy": false,
            "id": "static/css/main.a10c0205.css",
            "key": "static/css/main.a10c0205.css",
            "kms_key_id": null,
            "metadata": {},
            "object_lock_legal_hold_status": "",
            "object_lock_mode": "",
            "object_lock_retain_until_date": "",
            "server_side_encryption": "",
            "source": "./vc-react/build/static/css/main.a10c0205.css",
            "source_hash": null,
            "storage_class": "STANDARD",
            "tags": {},
            "tags_all": {},
            "version_id": "",
            "website_redirect": ""
          },
          "sensitive_attributes": [],
          "private": "bnVsbA==",
          "dependencies": [
            "aws_apigatewayv2_api.VCAPI",
            "aws_s3_bucket.VCbucket"
          ]
        },
        {
          "index_key": "static/css/main.a10c0205.css.map",
          "schema_version": 0,
          "attributes": {
            "acl": "private",
            "bucket": "www.vc",
            "bucket_key_enabled": false,
            "cache_control": "",
            "content": null,
            "content_base64": null,
            "content_disposition": "",
            "content_encoding": "",
            "content_language": "",
            "content_type": "application/octet-stream",
            "etag": "8239fb0cb381b07a390de3b746b9c2c8",
            "force_destroy": false,
            "id": "static/css/main.a10c0205.css.map",
            "key": "static/css/main.a10c0205.css.map",
            "kms_key_id": null,
            "metadata": {},
            "object_lock_legal_hold_status": "",
            "object_lock_mode": "",
            "object_lock_retain_until_date": "",
            "server_side_encryption": "",
            "source": "./vc-react/build/static/css/main.a10c0205.css.map",
            "source_hash": null,
            "storage_class": "STANDARD",
            "tags": {},
            "tags_all": {},
            "version_id": "",
            "website_redirect": ""
          },
          "sensitive_attributes": [],
          "private": "bnVsbA==",
          "dependencies": [
            "aws_apigatewayv2_api.VCAPI",
            "aws_s3_bucket.VCbucket"
          ]
        },
        {
          "index_key": "static/js/787.3c036d86.chunk.js",
          "schema_version": 0,
          "attributes": {
            "acl": "private",
            "bucket": "www.vc",
            "bucket_key_enabled": false,
            "cache_control": "",
            "content": null,
            "content_base64": null,
            "content_disposition": "",
            "content_encoding": "",
            "content_language": "",
            "content_type": "application/javascript",
            "etag": "432be0eff4a13044dda1a55c280e4ad0",
            "force_destroy": false,
            "id": "static/js/787.3c036d86.chunk.js",
            "key": "static/js/787.3c036d86.chunk.js",
            "kms_key_id": null,
            "metadata": {},
            "object_lock_legal_hold_status": "",
            "object_lock_mode": "",
            "object_lock_retain_until_date": "",
            "server_side_encryption": "",
            "source": "./vc-react/build/static/js/787.3c036d86.chunk.js",
            "source_hash": null,
            "storage_class": "STANDARD",
            "tags": {},
            "tags_all": {},
            "version_id": "",
            "website_redirect": ""
          },
          "sensitive_attributes": [],
          "private": "bnVsbA==",
          "dependencies": [
            "aws_apigatewayv2_api.VCAPI",
            "aws_s3_bucket.VCbucket"
          ]
        },
        {
          "index_key": "static/js/787.3c036d86.chunk.js.map",
          "schema_version": 0,
          "attributes": {
            "acl": "private",
            "bucket": "www.vc",
            "bucket_key_enabled": false,
            "cache_control": "",
            "content": null,
            "content_base64": null,
            "content_disposition": "",
            "content_encoding": "",
            "content_language": "",
            "content_type": "application/octet-stream",
            "etag": "35eb020daf8024788719b31199560ee4",
            "force_destroy": false,
            "id": "static/js/787.3c036d86.chunk.js.map",
            "key": "static/js/787.3c036d86.chunk.js.map",
            "kms_key_id": null,
            "metadata": {},
            "object_lock_legal_hold_status": "",
            "object_lock_mode": "",
            "object_lock_retain_until_date": "",
            "server_side_encryption": "",
            "source": "./vc-react/build/static/js/787.3c036d86.chunk.js.map",
            "source_hash": null,
            "storage_class": "STANDARD",
            "tags": {},
            "tags_all": {},
            "version_id": "",
            "website_redirect": ""
          },
          "sensitive_attributes": [],
          "private": "bnVsbA==",
          "dependencies": [
            "aws_apigatewayv2_api.VCAPI",
            "aws_s3_bucket.VCbucket"
          ]
        },
        {
          "index_key": "static/js/main.83da29a6.js",
          "schema_version": 0,
          "attributes": {
            "acl": "private",
            "bucket": "www.vc",
            "bucket_key_enabled": false,
            "cache_control": "",
            "content": null,
            "content_base64": null,
            "content_disposition": "",
            "content_encoding": "",
            "content_language": "",
            "content_type": "application/javascript",
            "etag": "d9287b7fddf64f7227219d7eb67b8422",
            "force_destroy": false,
            "id": "static/js/main.83da29a6.js",
            "key": "static/js/main.83da29a6.js",
            "kms_key_id": null,
            "metadata": {},
            "object_lock_legal_hold_status": "",
            "object_lock_mode": "",
            "object_lock_retain_until_date": "",
            "server_side_encryption": "",
            "source": "./vc-react/build/static/js/main.83da29a6.js",
            "source_hash": null,
            "storage_class": "STANDARD",
            "tags": {},
            "tags_all": {},
            "version_id": "",
            "website_redirect": ""
          },
          "sensitive_attributes": [],
          "private": "bnVsbA==",
          "dependencies": [
            "aws_apigatewayv2_api.VCAPI",
            "aws_s3_bucket.VCbucket"
          ]
        },
        {
          "index_key": "static/js/main.83da29a6.js.LICENSE.txt",
          "schema_version": 0,
          "attributes": {
            "acl": "private",
            "bucket": "www.vc",
            "bucket_key_enabled": false,
            "cache_control": "",
            "content": null,
            "content_base64": null,
            "content_disposition": "",
            "content_encoding": "",
            "content_language": "",
            "content_type": "text/plain; charset=utf-8",
            "etag": "d928deb3546552b6114748cf8cea7361",
            "force_destroy": false,
            "id": "static/js/main.83da29a6.js.LICENSE.txt",
            "key": "static/js/main.83da29a6.js.LICENSE.txt",
            "kms_key_id": null,
            "metadata": {},
            "object_lock_legal_hold_status": "",
            "object_lock_mode": "",
            "object_lock_retain_until_date": "",
            "server_side_encryption": "",
            "source": "./vc-react/build/static/js/main.83da29a6.js.LICENSE.txt",
            "source_hash": null,
            "storage_class": "STANDARD",
            "tags": {},
            "tags_all": {},
            "version_id": "",
            "website_redirect": ""
          },
          "sensitive_attributes": [],
          "private": "bnVsbA==",
          "dependencies": [
            "aws_apigatewayv2_api.VCAPI",
            "aws_s3_bucket.VCbucket"
          ]
        },
        {
          "index_key": "static/js/main.83da29a6.js.map",
          "schema_version": 0,
          "attributes": {
            "acl": "private",
            "bucket": "www.vc",
            "bucket_key_enabled": false,
            "cache_control": "",
            "content": null,
            "content_base64": null,
            "content_disposition": "",
            "content_encoding": "",
            "content_language": "",
            "content_type": "application/octet-stream",
            "etag": "2ed59fab6114f9f7c5f7fa2cc36cb2d1",
            "force_destroy": false,
            "id": "static/js/main.83da29a6.js.map",
            "key": "static/js/main.83da29a6.js.map",
            "kms_key_id": null,
            "metadata": {},
            "object_lock_legal_hold_status": "",
            "object_lock_mode": "",
            "object_lock_retain_until_date": "",
            "server_side_encryption": "",
            "source": "./vc-react/build/static/js/main.83da29a6.js.map",
            "source_hash": null,
            "storage_class": "STANDARD",
            "tags": {},
            "tags_all": {},
            "version_id": "",
            "website_redirect": ""
          },
          "sensitive_attributes": [],
          "private": "bnVsbA==",
          "dependencies": [
            "aws_apigatewayv2_api.VCAPI",
            "aws_s3_bucket.VCbucket"
          ]
        }
      ]
    },
    {
      "mode": "managed",
      "type": "mongodbatlas_cluster",
      "name": "VC-cluster",
      "provider": "provider[\"registry.terraform.io/mongodb/mongodbatlas\"]",
      "instances": [
        {
          "schema_version": 1,
          "attributes": {
            "advanced_configuration": [
              {
                "default_read_concern": "",
                "default_write_concern": "",
                "fail_index_key_too_long": false,
                "javascript_enabled": true,
                "minimum_enabled_tls_protocol": "TLS1_2",
                "no_table_scan": false,
                "oplog_size_mb": 0,
                "sample_refresh_interval_bi_connector": 0,
                "sample_size_bi_connector": 0
              }
            ],
            "auto_scaling_compute_enabled": false,
            "auto_scaling_compute_scale_down_enabled": false,
            "auto_scaling_disk_gb_enabled": true,
            "backing_provider_name": "AWS",
            "backup_enabled": false,
            "bi_connector": null,
            "bi_connector_config": [
              {
                "enabled": false,
                "read_preference": "secondary"
              }
            ],
            "cloud_backup": false,
            "cluster_id": "62e44a11704d8645220a7d04",
            "cluster_type": "REPLICASET",
            "connection_strings": [
              {
                "aws_private_link": {},
                "aws_private_link_srv": {},
                "private": "",
                "private_endpoint": [],
                "private_srv": "",
                "standard": "mongodb://ac-ngmkpjv-shard-00-00.1l6slik.mongodb.net:27017,ac-ngmkpjv-shard-00-01.1l6slik.mongodb.net:27017,ac-ngmkpjv-shard-00-02.1l6slik.mongodb.net:27017/?ssl=true\u0026authSource=admin\u0026replicaSet=atlas-x51q09-shard-0",
                "standard_srv": "mongodb+srv://vc-cluster.1l6slik.mongodb.net"
              }
            ],
            "container_id": null,
            "disk_size_gb": 0.5,
            "encryption_at_rest_provider": "NONE",
            "id": "Y2x1c3Rlcl9pZA==:NjJlNDRhMTE3MDRkODY0NTIyMGE3ZDA0-Y2x1c3Rlcl9uYW1l:VkMtY2x1c3Rlcg==-cHJvamVjdF9pZA==:NjJlNDNlNWZkOWZhYjM0Mjk0ZTE5MjM2-cHJvdmlkZXJfbmFtZQ==:VEVOQU5U",
            "labels": [],
            "mongo_db_major_version": "5.0",
            "mongo_db_version": "5.0.10",
            "mongo_uri": "mongodb://ac-ngmkpjv-shard-00-00.1l6slik.mongodb.net:27017,ac-ngmkpjv-shard-00-01.1l6slik.mongodb.net:27017,ac-ngmkpjv-shard-00-02.1l6slik.mongodb.net:27017",
            "mongo_uri_updated": "2022-07-29T20:59:39Z",
            "mongo_uri_with_options": "mongodb://ac-ngmkpjv-shard-00-00.1l6slik.mongodb.net:27017,ac-ngmkpjv-shard-00-01.1l6slik.mongodb.net:27017,ac-ngmkpjv-shard-00-02.1l6slik.mongodb.net:27017/?ssl=true\u0026authSource=admin\u0026replicaSet=atlas-x51q09-shard-0",
            "name": "VC-cluster",
            "num_shards": 1,
            "paused": false,
            "pit_enabled": false,
            "project_id": "62e43e5fd9fab34294e19236",
            "provider_auto_scaling_compute_max_instance_size": "",
            "provider_auto_scaling_compute_min_instance_size": "",
            "provider_backup_enabled": false,
            "provider_disk_iops": null,
            "provider_disk_type_name": "",
            "provider_encrypt_ebs_volume": null,
            "provider_encrypt_ebs_volume_flag": null,
            "provider_instance_size_name": "M0",
            "provider_name": "TENANT",
            "provider_region_name": "EU_WEST_1",
            "provider_volume_type": "",
            "replication_factor": 3,
            "replication_specs": [
              {
                "id": "62e44a11704d8645220a7cfc",
                "num_shards": 1,
                "regions_config": [
                  {
                    "analytics_nodes": 0,
                    "electable_nodes": 3,
                    "priority": 7,
                    "read_only_nodes": 0,
                    "region_name": "EU_WEST_1"
                  }
                ],
                "zone_name": "Zone 1"
              }
            ],
            "snapshot_backup_policy": [],
            "srv_address": "mongodb+srv://vc-cluster.1l6slik.mongodb.net",
            "state_name": "IDLE",
            "version_release_system": "LTS"
          },
          "sensitive_attributes": [],
          "private": "eyJzY2hlbWFfdmVyc2lvbiI6IjEifQ=="
        }
      ]
    }
  ]
}
